
Microsoft Visual Studio Solution File, Format Version 12.00
# Visual Studio Version 16
VisualStudioVersion = 16.0.32602.291
MinimumVisualStudioVersion = 10.0.40219.1
Project("{FAE04EC0-301F-11D3-BF4B-00C04F79EFBC}") = "Level0", "Ex_array_reverse\Level0.csproj", "{3539335E-6203-4F1D-84DF-EB6AC7AB028B}"
EndProject
Global
	GlobalSection(SolutionConfigurationPlatforms) = preSolution
		Debug|Any CPU = Debug|Any CPU
		Release|Any CPU = Release|Any CPU
	EndGlobalSection
	GlobalSection(ProjectConfigurationPlatforms) = postSolution
		{3539335E-6203-4F1D-84DF-EB6AC7AB028B}.Debug|Any CPU.ActiveCfg = Debug|Any CPU
		{3539335E-6203-4F1D-84DF-EB6AC7AB028B}.Debug|Any CPU.Build.0 = Debug|Any CPU
		{3539335E-6203-4F1D-84DF-EB6AC7AB028B}.Release|Any CPU.ActiveCfg = Release|Any CPU
		{3539335E-6203-4F1D-84DF-EB6AC7AB028B}.Release|Any CPU.Build.0 = Release|Any CPU
	EndGlobalSection
	GlobalSection(SolutionProperties) = preSolution
		HideSolutionNode = FALSE
	EndGlobalSection
	GlobalSection(ExtensibilityGlobals) = postSolution
		SolutionGuid = {08681F21-C99A-4553-9AC1-DA1EF62321BB}
	EndGlobalSection
EndGlobal
